
Microsoft Visual Studio Solution File, Format Version 12.00
# Visual Studio Version 16
VisualStudioVersion = 16.0.29613.14
MinimumVisualStudioVersion = 10.0.40219.1
Project("{FAE04EC0-301F-11D3-BF4B-00C04F79EFBC}") = "ChainableDemo", "ChainableDemo\ChainableDemo.csproj", "{E67AA60B-91CF-4C68-9EA0-DBFAF69631EB}"
EndProject
Global
	GlobalSection(SolutionConfigurationPlatforms) = preSolution
		Debug|Any CPU = Debug|Any CPU
		Release|Any CPU = Release|Any CPU
	EndGlobalSection
	GlobalSection(ProjectConfigurationPlatforms) = postSolution
		{E67AA60B-91CF-4C68-9EA0-DBFAF69631EB}.Debug|Any CPU.ActiveCfg = Debug|Any CPU
		{E67AA60B-91CF-4C68-9EA0-DBFAF69631EB}.Debug|Any CPU.Build.0 = Debug|Any CPU
		{E67AA60B-91CF-4C68-9EA0-DBFAF69631EB}.Release|Any CPU.ActiveCfg = Release|Any CPU
		{E67AA60B-91CF-4C68-9EA0-DBFAF69631EB}.Release|Any CPU.Build.0 = Release|Any CPU
	EndGlobalSection
	GlobalSection(SolutionProperties) = preSolution
		HideSolutionNode = FALSE
	EndGlobalSection
	GlobalSection(ExtensibilityGlobals) = postSolution
		SolutionGuid = {9835ADA1-B5C3-4686-807F-7350B99FDE83}
	EndGlobalSection
EndGlobal
